
Microsoft Visual Studio Solution File, Format Version 12.00
# Visual Studio Version 17
VisualStudioVersion = 17.9.34728.123
MinimumVisualStudioVersion = 10.0.40219.1
Project("{FAE04EC0-301F-11D3-BF4B-00C04F79EFBC}") = "ECommerce", "ECommerce\ECommerce.csproj", "{DE6F8CB7-5346-4A69-976B-D802999CA434}"
EndProject
Global
	GlobalSection(SolutionConfigurationPlatforms) = preSolution
		Debug|Any CPU = Debug|Any CPU
		Release|Any CPU = Release|Any CPU
	EndGlobalSection
	GlobalSection(ProjectConfigurationPlatforms) = postSolution
		{DE6F8CB7-5346-4A69-976B-D802999CA434}.Debug|Any CPU.ActiveCfg = Debug|Any CPU
		{DE6F8CB7-5346-4A69-976B-D802999CA434}.Debug|Any CPU.Build.0 = Debug|Any CPU
		{DE6F8CB7-5346-4A69-976B-D802999CA434}.Release|Any CPU.ActiveCfg = Release|Any CPU
		{DE6F8CB7-5346-4A69-976B-D802999CA434}.Release|Any CPU.Build.0 = Release|Any CPU
	EndGlobalSection
	GlobalSection(SolutionProperties) = preSolution
		HideSolutionNode = FALSE
	EndGlobalSection
	GlobalSection(ExtensibilityGlobals) = postSolution
		SolutionGuid = {A6E826DE-1F2A-4351-B3B0-F9B5083CAA6D}
	EndGlobalSection
EndGlobal
